# This file was autogenerated by Stack.
# You should not edit this file by hand.
# For more information, please see the documentation at:
#   https://docs.haskellstack.org/en/stable/lock_files

packages:
- completed:
    hackage: xmonad-0.18.0@sha256:22300a2626ba5b00dcf0e5071d56ccb42140fb849ee6ea7bf1337ed07de33642,5453
    pantry-tree:
      sha256: 475b273803119d4b6f3f0ad496d93092ad53bb7b2306182603531093899b26d1
      size: 2486
  original:
    hackage: xmonad-0.18.0
- completed:
    hackage: xmonad-contrib-0.18.0@sha256:aae129651391ec65e4c7cf4c23b280cc5e69f709d86668502426a41eebab9d3c,22370
    pantry-tree:
      sha256: d2987f3843f1c5ca11bf63d22630679a34b7578f432a96f0dec97b98c4984e72
      size: 23806
  original:
    hackage: xmonad-contrib-0.18.0
- completed:
    hackage: xmobar-0.48@sha256:39134ead57560f6f576816233cd7194cfd6ea7639f5ae3a96dd8b4e19292e263,15152
    pantry-tree:
      sha256: 523a50e763b2a575c9912ea21d6c90fd529078eb816968fc0006b9ff01962c51
      size: 9769
  original:
    hackage: xmobar-0.48
snapshots:
- completed:
    sha256: a81fb3877c4f9031e1325eb3935122e608d80715dc16b586eb11ddbff8671ecd
    size: 640086
    url: https://raw.githubusercontent.com/commercialhaskell/stackage-snapshots/master/lts/21/25.yaml
  original: lts-21.25
